
Microsoft Visual Studio Solution File, Format Version 12.00
# Visual Studio Version 16
VisualStudioVersion = 16.0.30517.126
MinimumVisualStudioVersion = 10.0.40219.1
Project("{8BC9CEB8-8B4A-11D0-8D11-00A0C91BC942}") = "SPT_Client", "SPT_Client\SPT_Client.vcxproj", "{B21D80B2-86D2-4F18-BDB1-74AD61D05E45}"
EndProject
Project("{888888A0-9F3D-457C-B088-3A5042F75D52}") = "SPT_Server", "SPT_Server\SPT_Server.pyproj", "{FF1D0F23-7EA6-4DC2-91BF-A52F482CC05B}"
EndProject
Global
	GlobalSection(SolutionConfigurationPlatforms) = preSolution
		Debug|Any CPU = Debug|Any CPU
		Debug|x64 = Debug|x64
		Debug|x86 = Debug|x86
		Release|Any CPU = Release|Any CPU
		Release|x64 = Release|x64
		Release|x86 = Release|x86
	EndGlobalSection
	GlobalSection(ProjectConfigurationPlatforms) = postSolution
		{B21D80B2-86D2-4F18-BDB1-74AD61D05E45}.Debug|Any CPU.ActiveCfg = Debug|Win32
		{B21D80B2-86D2-4F18-BDB1-74AD61D05E45}.Debug|x64.ActiveCfg = Debug|x64
		{B21D80B2-86D2-4F18-BDB1-74AD61D05E45}.Debug|x64.Build.0 = Debug|x64
		{B21D80B2-86D2-4F18-BDB1-74AD61D05E45}.Debug|x86.ActiveCfg = Debug|Win32
		{B21D80B2-86D2-4F18-BDB1-74AD61D05E45}.Debug|x86.Build.0 = Debug|Win32
		{B21D80B2-86D2-4F18-BDB1-74AD61D05E45}.Release|Any CPU.ActiveCfg = Release|Win32
		{B21D80B2-86D2-4F18-BDB1-74AD61D05E45}.Release|x64.ActiveCfg = Release|x64
		{B21D80B2-86D2-4F18-BDB1-74AD61D05E45}.Release|x64.Build.0 = Release|x64
		{B21D80B2-86D2-4F18-BDB1-74AD61D05E45}.Release|x86.ActiveCfg = Release|Win32
		{B21D80B2-86D2-4F18-BDB1-74AD61D05E45}.Release|x86.Build.0 = Release|Win32
		{FF1D0F23-7EA6-4DC2-91BF-A52F482CC05B}.Debug|Any CPU.ActiveCfg = Debug|Any CPU
		{FF1D0F23-7EA6-4DC2-91BF-A52F482CC05B}.Debug|x64.ActiveCfg = Debug|Any CPU
		{FF1D0F23-7EA6-4DC2-91BF-A52F482CC05B}.Debug|x86.ActiveCfg = Debug|Any CPU
		{FF1D0F23-7EA6-4DC2-91BF-A52F482CC05B}.Release|Any CPU.ActiveCfg = Release|Any CPU
		{FF1D0F23-7EA6-4DC2-91BF-A52F482CC05B}.Release|x64.ActiveCfg = Release|Any CPU
		{FF1D0F23-7EA6-4DC2-91BF-A52F482CC05B}.Release|x86.ActiveCfg = Release|Any CPU
	EndGlobalSection
	GlobalSection(SolutionProperties) = preSolution
		HideSolutionNode = FALSE
	EndGlobalSection
	GlobalSection(ExtensibilityGlobals) = postSolution
		SolutionGuid = {3E2682F3-00D5-42A8-95CA-84F1A81CDB82}
	EndGlobalSection
EndGlobal
